<?xml version="1.0" encoding="utf-8"?>
<Project ToolsVersion="4.0" xmlns="http://schemas.microsoft.com/developer/msbuild/2003">
  <ItemGroup>
    <Filter Include="Draw">
      <UniqueIdentifier>{4FC737F1-C7A5-4376-A066-2A32D752A2FF}</UniqueIdentifier>
      <Extensions>cpp;c;cc;cxx;def;odl;idl;hpj;bat;asm;asmx</Extensions>
    </Filter>
    <Filter Include="Engine">
      <UniqueIdentifier>{211f24a3-8b40-45b7-a258-76bca090d265}</UniqueIdentifier>
    </Filter>
    <Filter Include="Scene">
      <UniqueIdentifier>{f4aa007e-359c-410a-a8df-954f4c85457a}</UniqueIdentifier>
    </Filter>
    <Filter Include="Main">
      <UniqueIdentifier>{1226d4b9-7864-4f7f-8116-41e81e156b8c}</UniqueIdentifier>
    </Filter>
    <Filter Include="GameSystem">
      <UniqueIdentifier>{65ee1b67-0c3d-4a44-9663-4b5591fb50d8}</UniqueIdentifier>
    </Filter>
    <Filter Include="仮置き">
      <UniqueIdentifier>{5b1140e5-beb6-4b3d-9096-038e0c24217d}</UniqueIdentifier>
    </Filter>
  </ItemGroup>
  <ItemGroup>
    <ClCompile Include="drawTexture.cpp">
      <Filter>Draw</Filter>
    </ClCompile>
    <ClCompile Include="Source19.cpp">
      <Filter>仮置き</Filter>
    </ClCompile>
    <ClCompile Include="Source20.cpp">
      <Filter>仮置き</Filter>
    </ClCompile>
    <ClCompile Include="Source21.cpp">
      <Filter>仮置き</Filter>
    </ClCompile>
    <ClCompile Include="Source22.cpp">
      <Filter>仮置き</Filter>
    </ClCompile>
    <ClCompile Include="Source23.cpp">
      <Filter>仮置き</Filter>
    </ClCompile>
    <ClCompile Include="Device.cpp">
      <Filter>Engine</Filter>
    </ClCompile>
    <ClCompile Include="Engine.cpp">
      <Filter>Engine</Filter>
    </ClCompile>
    <ClCompile Include="window.cpp">
      <Filter>Engine</Filter>
    </ClCompile>
    <ClCompile Include="Bullet.cpp">
      <Filter>GameSystem</Filter>
    </ClCompile>
    <ClCompile Include="Beam.cpp">
      <Filter>GameSystem</Filter>
    </ClCompile>
    <ClCompile Include="Enemy.cpp">
      <Filter>GameSystem</Filter>
    </ClCompile>
    <ClCompile Include="Meteorite.cpp">
      <Filter>GameSystem</Filter>
    </ClCompile>
    <ClCompile Include="Scene.cpp">
      <Filter>Main</Filter>
    </ClCompile>
    <ClCompile Include="Main.cpp">
      <Filter>Main</Filter>
    </ClCompile>
    <ClCompile Include="GameScene.cpp">
      <Filter>Scene</Filter>
    </ClCompile>
    <ClCompile Include="Option.cpp">
      <Filter>Scene</Filter>
    </ClCompile>
    <ClCompile Include="SetScene.cpp">
      <Filter>Scene</Filter>
    </ClCompile>
    <ClCompile Include="TitleScene.cpp">
      <Filter>Scene</Filter>
    </ClCompile>
    <ClCompile Include="ResultScene.cpp">
      <Filter>Scene</Filter>
    </ClCompile>
    <ClCompile Include="InputKey.cpp">
      <Filter>GameSystem</Filter>
    </ClCompile>
    <ClCompile Include="STAR.cpp">
      <Filter>GameSystem</Filter>
    </ClCompile>
    <ClCompile Include="MainCaracter.cpp">
      <Filter>GameSystem</Filter>
    </ClCompile>
    <ClCompile Include="Sound.cpp">
      <Filter>Engine</Filter>
    </ClCompile>
  </ItemGroup>
  <ItemGroup>
    <ClInclude Include="Header20.h">
      <Filter>仮置き</Filter>
    </ClInclude>
    <ClInclude Include="Header21.h">
      <Filter>仮置き</Filter>
    </ClInclude>
    <ClInclude Include="Header22.h">
      <Filter>仮置き</Filter>
    </ClInclude>
    <ClInclude Include="Device.h">
      <Filter>Engine</Filter>
    </ClInclude>
    <ClInclude Include="Engine.h">
      <Filter>Engine</Filter>
    </ClInclude>
    <ClInclude Include="window.h">
      <Filter>Engine</Filter>
    </ClInclude>
    <ClInclude Include="Bullet.h">
      <Filter>GameSystem</Filter>
    </ClInclude>
    <ClInclude Include="Beam.h">
      <Filter>GameSystem</Filter>
    </ClInclude>
    <ClInclude Include="Enemy.h">
      <Filter>GameSystem</Filter>
    </ClInclude>
    <ClInclude Include="Meteorite.h">
      <Filter>GameSystem</Filter>
    </ClInclude>
    <ClInclude Include="Scene.h">
      <Filter>Main</Filter>
    </ClInclude>
    <ClInclude Include="GameScene.h">
      <Filter>Scene</Filter>
    </ClInclude>
    <ClInclude Include="Option.h">
      <Filter>Scene</Filter>
    </ClInclude>
    <ClInclude Include="SetScene.h">
      <Filter>Scene</Filter>
    </ClInclude>
    <ClInclude Include="TitleScene.h">
      <Filter>Scene</Filter>
    </ClInclude>
    <ClInclude Include="ResultScene.h">
      <Filter>Scene</Filter>
    </ClInclude>
    <ClInclude Include="InputKey.h">
      <Filter>GameSystem</Filter>
    </ClInclude>
    <ClInclude Include="Star.h">
      <Filter>GameSystem</Filter>
    </ClInclude>
    <ClInclude Include="DrawTexture.h">
      <Filter>Draw</Filter>
    </ClInclude>
    <ClInclude Include="MainCaracter.h">
      <Filter>GameSystem</Filter>
    </ClInclude>
    <ClInclude Include="Sound.h">
      <Filter>Engine</Filter>
    </ClInclude>
  </ItemGroup>
</Project>